// !$*UTF8*$!
{
	archiveVersion = 1;
	classes = {
	};
	objectVersion = 77;
	objects = {

/* Begin PBXBuildFile section */
		BE8727763051C64D0020C9CD /* CameraScannerView.swift in Sources */ = {isa = PBXBuildFile; fileRef = BE8727733051C64D0020C9CD /* CameraScannerView.swift */; };
		BE8727773051C64D0020C9CD /* ContentView.swift in Sources */ = {isa = PBXBuildFile; fileRef = BE8727743051C64D0020C9CD /* ContentView.swift */; };
		BE87277F3051CCB90020C9CD /* CardIdentity.swift in Sources */ = {isa = PBXBuildFile; fileRef = BE87277E3051CCB90020C9CD /* CardIdentity.swift */; };
		BE8727813051D03B0020C9CD /* ScryfallService.swift in Sources */ = {isa = PBXBuildFile; fileRef = BE8727803051D03B0020C9CD /* ScryfallService.swift */; };
		BE8727873051D6E30020C9CD /* CollectionStore.swift in Sources */ = {isa = PBXBuildFile; fileRef = BE8727863051D6E30020C9CD /* CollectionStore.swift */; };
		BE8727893051F9CD0020C9CD /* CardCopiesView.swift in Sources */ = {isa = PBXBuildFile; fileRef = BE8727883051F9CD0020C9CD /* CardCopiesView.swift */; };
		BE87278D305201710020C9CD /* GradingModels.swift in Sources */ = {isa = PBXBuildFile; fileRef = BE87278C305201710020C9CD /* GradingModels.swift */; };
		BE87278F305208790020C9CD /* IndividualCopyView.swift in Sources */ = {isa = PBXBuildFile; fileRef = BE87278E305208790020C9CD /* IndividualCopyView.swift */; };
		BE87279130520D8C0020C9CD /* GradingAnalysisView.swift in Sources */ = {isa = PBXBuildFile; fileRef = BE87279030520D8C0020C9CD /* GradingAnalysisView.swift */; };
		BE872793305210090020C9CD /* GradingPhotoPicker.swift in Sources */ = {isa = PBXBuildFile; fileRef = BE872792305210090020C9CD /* GradingPhotoPicker.swift */; };
		BE87279530521B200020C9CD /* CornerInspectionView.swift in Sources */ = {isa = PBXBuildFile; fileRef = BE87279430521B200020C9CD /* CornerInspectionView.swift */; };
		BE8727993052AA0E0020C9CD /* GradingEngine.swift in Sources */ = {isa = PBXBuildFile; fileRef = BE8727983052AA0E0020C9CD /* GradingEngine.swift */; };
		BE8727A0305459E60020C9CD /* HomeView.swift in Sources */ = {isa = PBXBuildFile; fileRef = BE87279F305459E60020C9CD /* HomeView.swift */; };
		BE8727A230545AD40020C9CD /* DropView.swift in Sources */ = {isa = PBXBuildFile; fileRef = BE8727A130545AD40020C9CD /* DropView.swift */; };
		BE8727A430545C1A0020C9CD /* ScanView.swift in Sources */ = {isa = PBXBuildFile; fileRef = BE8727A330545C1A0020C9CD /* ScanView.swift */; };
		BE8727A630545D2F0020C9CD /* CollectionView.swift in Sources */ = {isa = PBXBuildFile; fileRef = BE8727A530545D2F0020C9CD /* CollectionView.swift */; };
		BE8727A830545DE10020C9CD /* AnalyticsView.swift in Sources */ = {isa = PBXBuildFile; fileRef = BE8727A730545DE10020C9CD /* AnalyticsView.swift */; };
		BE8727AA30545ED60020C9CD /* SharedComponents.swift in Sources */ = {isa = PBXBuildFile; fileRef = BE8727A930545ED60020C9CD /* SharedComponents.swift */; };
		BE8727AC3054673B0020C9CD /* CardDetailsView.swift in Sources */ = {isa = PBXBuildFile; fileRef = BE8727AB3054673B0020C9CD /* CardDetailsView.swift */; };
/* End PBXBuildFile section */

/* Begin PBXFileReference section */
		BE1F3CEF305130BD00588414 /* TCG Radar.app */ = {isa = PBXFileReference; explicitFileType = wrapper.application; includeInIndex = 0; path = "TCG Radar.app"; sourceTree = BUILT_PRODUCTS_DIR; };
		BE8727733051C64D0020C9CD /* CameraScannerView.swift */ = {isa = PBXFileReference; lastKnownFileType = sourcecode.swift; path = CameraScannerView.swift; sourceTree = "<group>"; };
		BE8727743051C64D0020C9CD /* ContentView.swift */ = {isa = PBXFileReference; lastKnownFileType = sourcecode.swift; path = ContentView.swift; sourceTree = "<group>"; };
		BE87277E3051CCB90020C9CD /* CardIdentity.swift */ = {isa = PBXFileReference; lastKnownFileType = sourcecode.swift; path = CardIdentity.swift; sourceTree = "<group>"; };
		BE8727803051D03B0020C9CD /* ScryfallService.swift */ = {isa = PBXFileReference; lastKnownFileType = sourcecode.swift; path = ScryfallService.swift; sourceTree = "<group>"; };
		BE8727863051D6E30020C9CD /* CollectionStore.swift */ = {isa = PBXFileReference; lastKnownFileType = sourcecode.swift; path = CollectionStore.swift; sourceTree = "<group>"; };
		BE8727883051F9CD0020C9CD /* CardCopiesView.swift */ = {isa = PBXFileReference; lastKnownFileType = sourcecode.swift; path = CardCopiesView.swift; sourceTree = "<group>"; };
		BE87278C305201710020C9CD /* GradingModels.swift */ = {isa = PBXFileReference; lastKnownFileType = sourcecode.swift; path = GradingModels.swift; sourceTree = "<group>"; };
		BE87278E305208790020C9CD /* IndividualCopyView.swift */ = {isa = PBXFileReference; lastKnownFileType = sourcecode.swift; path = IndividualCopyView.swift; sourceTree = "<group>"; };
		BE87279030520D8C0020C9CD /* GradingAnalysisView.swift */ = {isa = PBXFileReference; lastKnownFileType = sourcecode.swift; path = GradingAnalysisView.swift; sourceTree = "<group>"; };
		BE872792305210090020C9CD /* GradingPhotoPicker.swift */ = {isa = PBXFileReference; lastKnownFileType = sourcecode.swift; path = GradingPhotoPicker.swift; sourceTree = "<group>"; };
		BE87279430521B200020C9CD /* CornerInspectionView.swift */ = {isa = PBXFileReference; lastKnownFileType = sourcecode.swift; path = CornerInspectionView.swift; sourceTree = "<group>"; };
		BE8727983052AA0E0020C9CD /* GradingEngine.swift */ = {isa = PBXFileReference; lastKnownFileType = sourcecode.swift; path = GradingEngine.swift; sourceTree = "<group>"; };
		BE87279F305459E60020C9CD /* HomeView.swift */ = {isa = PBXFileReference; lastKnownFileType = sourcecode.swift; path = HomeView.swift; sourceTree = "<group>"; };
		BE8727A130545AD40020C9CD /* DropView.swift */ = {isa = PBXFileReference; lastKnownFileType = sourcecode.swift; path = DropView.swift; sourceTree = "<group>"; };
		BE8727A330545C1A0020C9CD /* ScanView.swift */ = {isa = PBXFileReference; lastKnownFileType = sourcecode.swift; path = ScanView.swift; sourceTree = "<group>"; };
		BE8727A530545D2F0020C9CD /* CollectionView.swift */ = {isa = PBXFileReference; lastKnownFileType = sourcecode.swift; path = CollectionView.swift; sourceTree = "<group>"; };
		BE8727A730545DE10020C9CD /* AnalyticsView.swift */ = {isa = PBXFileReference; lastKnownFileType = sourcecode.swift; path = AnalyticsView.swift; sourceTree = "<group>"; };
		BE8727A930545ED60020C9CD /* SharedComponents.swift */ = {isa = PBXFileReference; lastKnownFileType = sourcecode.swift; path = SharedComponents.swift; sourceTree = "<group>"; };
		BE8727AB3054673B0020C9CD /* CardDetailsView.swift */ = {isa = PBXFileReference; lastKnownFileType = sourcecode.swift; path = CardDetailsView.swift; sourceTree = "<group>"; };
/* End PBXFileReference section */

/* Begin PBXFileSystemSynchronizedRootGroup section */
		BE1F3CF1305130BD00588414 /* TCG Radar */ = {
			isa = PBXFileSystemSynchronizedRootGroup;
			path = "TCG Radar";
			sourceTree = "<group>";
		};
/* End PBXFileSystemSynchronizedRootGroup section */

/* Begin PBXFrameworksBuildPhase section */
		BE1F3CEC305130BD00588414 /* Frameworks */ = {
			isa = PBXFrameworksBuildPhase;
			buildActionMask = 2147483647;
			files = (
			);
			runOnlyForDeploymentPostprocessing = 0;
		};
/* End PBXFrameworksBuildPhase section */

/* Begin PBXGroup section */
		BE1F3CE6305130BD00588414 = {
			isa = PBXGroup;
			children = (
				BE87279E30543CE40020C9CD /* Features */,
				BE87279D30543BF90020C9CD /* Store */,
				BE87279C30543BE90020C9CD /* Services */,
				BE87279B30543BD00020C9CD /* Core */,
				BE87279A30543BAF0020C9CD /* App */,
				BE1F3CF0305130BD00588414 /* Products */,
			);
			sourceTree = "<group>";
		};
		BE1F3CF0305130BD00588414 /* Products */ = {
			isa = PBXGroup;
			children = (
				BE1F3CEF305130BD00588414 /* TCG Radar.app */,
			);
			name = Products;
			sourceTree = "<group>";
		};
		BE87279A30543BAF0020C9CD /* App */ = {
			isa = PBXGroup;
			children = (
				BE1F3CF1305130BD00588414 /* TCG Radar */,
			);
			path = App;
			sourceTree = "<group>";
		};
		BE87279B30543BD00020C9CD /* Core */ = {
			isa = PBXGroup;
			children = (
				BE87277E3051CCB90020C9CD /* CardIdentity.swift */,
				BE87278C305201710020C9CD /* GradingModels.swift */,
			);
			path = Core;
			sourceTree = "<group>";
		};
		BE87279C30543BE90020C9CD /* Services */ = {
			isa = PBXGroup;
			children = (
				BE8727983052AA0E0020C9CD /* GradingEngine.swift */,
				BE8727803051D03B0020C9CD /* ScryfallService.swift */,
			);
			path = Services;
			sourceTree = "<group>";
		};
		BE87279D30543BF90020C9CD /* Store */ = {
			isa = PBXGroup;
			children = (
				BE8727863051D6E30020C9CD /* CollectionStore.swift */,
			);
			path = Store;
			sourceTree = "<group>";
		};
		BE87279E30543CE40020C9CD /* Features */ = {
			isa = PBXGroup;
			children = (
				BE8727A730545DE10020C9CD /* AnalyticsView.swift */,
				BE8727733051C64D0020C9CD /* CameraScannerView.swift */,
				BE8727743051C64D0020C9CD /* ContentView.swift */,
				BE8727883051F9CD0020C9CD /* CardCopiesView.swift */,
				BE87279430521B200020C9CD /* CornerInspectionView.swift */,
				BE8727A530545D2F0020C9CD /* CollectionView.swift */,
				BE8727AB3054673B0020C9CD /* CardDetailsView.swift */,
				BE8727A130545AD40020C9CD /* DropView.swift */,
				BE87279030520D8C0020C9CD /* GradingAnalysisView.swift */,
				BE872792305210090020C9CD /* GradingPhotoPicker.swift */,
				BE87279F305459E60020C9CD /* HomeView.swift */,
				BE87278E305208790020C9CD /* IndividualCopyView.swift */,
				BE8727A330545C1A0020C9CD /* ScanView.swift */,
				BE8727A930545ED60020C9CD /* SharedComponents.swift */,
			);
			path = Features;
			sourceTree = "<group>";
		};
/* End PBXGroup section */

/* Begin PBXNativeTarget section */
		BE1F3CEE305130BD00588414 /* TCG Radar */ = {
			isa = PBXNativeTarget;
			buildConfigurationList = BE1F3CFA305130BE00588414 /* Build configuration list for PBXNativeTarget "TCG Radar" */;
			buildPhases = (
				BE1F3CEB305130BD00588414 /* Sources */,
				BE1F3CEC305130BD00588414 /* Frameworks */,
				BE1F3CED305130BD00588414 /* Resources */,
			);
			buildRules = (
			);
			dependencies = (
			);
			fileSystemSynchronizedGroups = (
				BE1F3CF1305130BD00588414 /* TCG Radar */,
			);
			name = "TCG Radar";
			packageProductDependencies = (
			);
			productName = "TCG Radar";
			productReference = BE1F3CEF305130BD00588414 /* TCG Radar.app */;
			productType = "com.apple.product-type.application";
		};
/* End PBXNativeTarget section */

/* Begin PBXProject section */
		BE1F3CE7305130BD00588414 /* Project object */ = {
			isa = PBXProject;
			attributes = {
				BuildIndependentTargetsInParallel = 1;
				LastSwiftUpdateCheck = 2660;
				LastUpgradeCheck = 2660;
				TargetAttributes = {
					BE1F3CEE305130BD00588414 = {
						CreatedOnToolsVersion = 26.6;
					};
				};
			};
			buildConfigurationList = BE1F3CEA305130BD00588414 /* Build configuration list for PBXProject "TCG Radar" */;
			developmentRegion = en;
			hasScannedForEncodings = 0;
			knownRegions = (
				en,
				Base,
			);
			mainGroup = BE1F3CE6305130BD00588414;
			minimizedProjectReferenceProxies = 1;
			preferredProjectObjectVersion = 77;
			productRefGroup = BE1F3CF0305130BD00588414 /* Products */;
			projectDirPath = "";
			projectRoot = "";
			targets = (
				BE1F3CEE305130BD00588414 /* TCG Radar */,
			);
		};
/* End PBXProject section */

/* Begin PBXResourcesBuildPhase section */
		BE1F3CED305130BD00588414 /* Resources */ = {
			isa = PBXResourcesBuildPhase;
			buildActionMask = 2147483647;
			files = (
			);
			runOnlyForDeploymentPostprocessing = 0;
		};
/* End PBXResourcesBuildPhase section */

/* Begin PBXSourcesBuildPhase section */
		BE1F3CEB305130BD00588414 /* Sources */ = {
			isa = PBXSourcesBuildPhase;
			buildActionMask = 2147483647;
			files = (
				BE8727A630545D2F0020C9CD /* CollectionView.swift in Sources */,
				BE8727993052AA0E0020C9CD /* GradingEngine.swift in Sources */,
				BE87277F3051CCB90020C9CD /* CardIdentity.swift in Sources */,
				BE8727763051C64D0020C9CD /* CameraScannerView.swift in Sources */,
				BE872793305210090020C9CD /* GradingPhotoPicker.swift in Sources */,
				BE87279130520D8C0020C9CD /* GradingAnalysisView.swift in Sources */,
				BE87278D305201710020C9CD /* GradingModels.swift in Sources */,
				BE87278F305208790020C9CD /* IndividualCopyView.swift in Sources */,
				BE8727873051D6E30020C9CD /* CollectionStore.swift in Sources */,
				BE8727AC3054673B0020C9CD /* CardDetailsView.swift in Sources */,
				BE8727A230545AD40020C9CD /* DropView.swift in Sources */,
				BE8727773051C64D0020C9CD /* ContentView.swift in Sources */,
				BE8727A0305459E60020C9CD /* HomeView.swift in Sources */,
				BE8727AA30545ED60020C9CD /* SharedComponents.swift in Sources */,
				BE8727813051D03B0020C9CD /* ScryfallService.swift in Sources */,
				BE8727893051F9CD0020C9CD /* CardCopiesView.swift in Sources */,
				BE8727A830545DE10020C9CD /* AnalyticsView.swift in Sources */,
				BE8727A430545C1A0020C9CD /* ScanView.swift in Sources */,
				BE87279530521B200020C9CD /* CornerInspectionView.swift in Sources */,
			);
			runOnlyForDeploymentPostprocessing = 0;
		};
/* End PBXSourcesBuildPhase section */

/* Begin XCBuildConfiguration section */
		BE1F3CF8305130BE00588414 /* Debug */ = {
			isa = XCBuildConfiguration;
			buildSettings = {
				ALWAYS_SEARCH_USER_PATHS = NO;
				ASSETCATALOG_COMPILER_GENERATE_SWIFT_ASSET_SYMBOL_EXTENSIONS = YES;
				CLANG_ANALYZER_NONNULL = YES;
				CLANG_ANALYZER_NUMBER_OBJECT_CONVERSION = YES_AGGRESSIVE;
				CLANG_CXX_LANGUAGE_STANDARD = "gnu++20";
				CLANG_ENABLE_MODULES = YES;
				CLANG_ENABLE_OBJC_ARC = YES;
				CLANG_ENABLE_OBJC_WEAK = YES;
				CLANG_WARN_BLOCK_CAPTURE_AUTORELEASING = YES;
				CLANG_WARN_BOOL_CONVERSION = YES;
				CLANG_WARN_COMMA = YES;
				CLANG_WARN_CONSTANT_CONVERSION = YES;
				CLANG_WARN_DEPRECATED_OBJC_IMPLEMENTATIONS = YES;
				CLANG_WARN_DIRECT_OBJC_ISA_USAGE = YES_ERROR;
				CLANG_WARN_DOCUMENTATION_COMMENTS = YES;
				CLANG_WARN_EMPTY_BODY = YES;
				CLANG_WARN_ENUM_CONVERSION = YES;
				CLANG_WARN_INFINITE_RECURSION = YES;
				CLANG_WARN_INT_CONVERSION = YES;
				CLANG_WARN_NON_LITERAL_NULL_CONVERSION = YES;
				CLANG_WARN_OBJC_IMPLICIT_RETAIN_SELF = YES;
				CLANG_WARN_OBJC_LITERAL_CONVERSION = YES;
				CLANG_WARN_OBJC_ROOT_CLASS = YES_ERROR;
				CLANG_WARN_QUOTED_INCLUDE_IN_FRAMEWORK_HEADER = YES;
				CLANG_WARN_RANGE_LOOP_ANALYSIS = YES;
				CLANG_WARN_STRICT_PROTOTYPES = YES;
				CLANG_WARN_SUSPICIOUS_MOVE = YES;
				CLANG_WARN_UNGUARDED_AVAILABILITY = YES_AGGRESSIVE;
				CLANG_WARN_UNREACHABLE_CODE = YES;
				CLANG_WARN__DUPLICATE_METHOD_MATCH = YES;
				COPY_PHASE_STRIP = NO;
				DEBUG_INFORMATION_FORMAT = dwarf;
				ENABLE_STRICT_OBJC_MSGSEND = YES;
				ENABLE_TESTABILITY = YES;
				ENABLE_USER_SCRIPT_SANDBOXING = YES;
				GCC_C_LANGUAGE_STANDARD = gnu17;
				GCC_DYNAMIC_NO_PIC = NO;
				GCC_NO_COMMON_BLOCKS = YES;
				GCC_OPTIMIZATION_LEVEL = 0;
				GCC_PREPROCESSOR_DEFINITIONS = (
					"DEBUG=1",
					"$(inherited)",
				);
				GCC_WARN_64_TO_32_BIT_CONVERSION = YES;
				GCC_WARN_ABOUT_RETURN_TYPE = YES_ERROR;
				GCC_WARN_UNDECLARED_SELECTOR = YES;
				GCC_WARN_UNINITIALIZED_AUTOS = YES_AGGRESSIVE;
				GCC_WARN_UNUSED_FUNCTION = YES;
				GCC_WARN_UNUSED_VARIABLE = YES;
				IPHONEOS_DEPLOYMENT_TARGET = 26.5;
				LOCALIZATION_PREFERS_STRING_CATALOGS = YES;
				MTL_ENABLE_DEBUG_INFO = INCLUDE_SOURCE;
				MTL_FAST_MATH = YES;
				ONLY_ACTIVE_ARCH = YES;
				SDKROOT = iphoneos;
				SWIFT_ACTIVE_COMPILATION_CONDITIONS = "DEBUG $(inherited)";
				SWIFT_OPTIMIZATION_LEVEL = "-Onone";
			};
			name = Debug;
		};
		BE1F3CF9305130BE00588414 /* Release */ = {
			isa = XCBuildConfiguration;
			buildSettings = {
				ALWAYS_SEARCH_USER_PATHS = NO;
				ASSETCATALOG_COMPILER_GENERATE_SWIFT_ASSET_SYMBOL_EXTENSIONS = YES;
				CLANG_ANALYZER_NONNULL = YES;
				CLANG_ANALYZER_NUMBER_OBJECT_CONVERSION = YES_AGGRESSIVE;
				CLANG_CXX_LANGUAGE_STANDARD = "gnu++20";
				CLANG_ENABLE_MODULES = YES;
				CLANG_ENABLE_OBJC_ARC = YES;
				CLANG_ENABLE_OBJC_WEAK = YES;
				CLANG_WARN_BLOCK_CAPTURE_AUTORELEASING = YES;
				CLANG_WARN_BOOL_CONVERSION = YES;
				CLANG_WARN_COMMA = YES;
				CLANG_WARN_CONSTANT_CONVERSION = YES;
				CLANG_WARN_DEPRECATED_OBJC_IMPLEMENTATIONS = YES;
				CLANG_WARN_DIRECT_OBJC_ISA_USAGE = YES_ERROR;
				CLANG_WARN_DOCUMENTATION_COMMENTS = YES;
				CLANG_WARN_EMPTY_BODY = YES;
				CLANG_WARN_ENUM_CONVERSION = YES;
				CLANG_WARN_INFINITE_RECURSION = YES;
				CLANG_WARN_INT_CONVERSION = YES;
				CLANG_WARN_NON_LITERAL_NULL_CONVERSION = YES;
				CLANG_WARN_OBJC_IMPLICIT_RETAIN_SELF = YES;
				CLANG_WARN_OBJC_LITERAL_CONVERSION = YES;
				CLANG_WARN_OBJC_ROOT_CLASS = YES_ERROR;
				CLANG_WARN_QUOTED_INCLUDE_IN_FRAMEWORK_HEADER = YES;
				CLANG_WARN_RANGE_LOOP_ANALYSIS = YES;
				CLANG_WARN_STRICT_PROTOTYPES = YES;
				CLANG_WARN_SUSPICIOUS_MOVE = YES;
				CLANG_WARN_UNGUARDED_AVAILABILITY = YES_AGGRESSIVE;
				CLANG_WARN_UNREACHABLE_CODE = YES;
				CLANG_WARN__DUPLICATE_METHOD_MATCH = YES;
				COPY_PHASE_STRIP = NO;
				DEBUG_INFORMATION_FORMAT = "dwarf-with-dsym";
				ENABLE_NS_ASSERTIONS = NO;
				ENABLE_STRICT_OBJC_MSGSEND = YES;
				ENABLE_USER_SCRIPT_SANDBOXING = YES;
				GCC_C_LANGUAGE_STANDARD = gnu17;
				GCC_NO_COMMON_BLOCKS = YES;
				GCC_WARN_64_TO_32_BIT_CONVERSION = YES;
				GCC_WARN_ABOUT_RETURN_TYPE = YES_ERROR;
				GCC_WARN_UNDECLARED_SELECTOR = YES;
				GCC_WARN_UNINITIALIZED_AUTOS = YES_AGGRESSIVE;
				GCC_WARN_UNUSED_FUNCTION = YES;
				GCC_WARN_UNUSED_VARIABLE = YES;
				IPHONEOS_DEPLOYMENT_TARGET = 26.5;
				LOCALIZATION_PREFERS_STRING_CATALOGS = YES;
				MTL_ENABLE_DEBUG_INFO = NO;
				MTL_FAST_MATH = YES;
				SDKROOT = iphoneos;
				SWIFT_COMPILATION_MODE = wholemodule;
				VALIDATE_PRODUCT = YES;
			};
			name = Release;
		};
		BE1F3CFB305130BE00588414 /* Debug */ = {
			isa = XCBuildConfiguration;
			buildSettings = {
				ASSETCATALOG_COMPILER_APPICON_NAME = AppIcon;
				ASSETCATALOG_COMPILER_GLOBAL_ACCENT_COLOR_NAME = AccentColor;
				CODE_SIGN_STYLE = Automatic;
				CURRENT_PROJECT_VERSION = 1;
				DEVELOPMENT_TEAM = 5MVS25DQM6;
				ENABLE_PREVIEWS = YES;
				GENERATE_INFOPLIST_FILE = YES;
				INFOPLIST_KEY_NSCameraUsageDescription = "TCG Radar needs camera access to scan trading cards.";
				INFOPLIST_KEY_UIApplicationSceneManifest_Generation = YES;
				INFOPLIST_KEY_UIApplicationSupportsIndirectInputEvents = YES;
				INFOPLIST_KEY_UILaunchScreen_Generation = YES;
				INFOPLIST_KEY_UISupportedInterfaceOrientations_iPad = "UIInterfaceOrientationPortrait UIInterfaceOrientationPortraitUpsideDown UIInterfaceOrientationLandscapeLeft UIInterfaceOrientationLandscapeRight";
				INFOPLIST_KEY_UISupportedInterfaceOrientations_iPhone = "UIInterfaceOrientationPortrait UIInterfaceOrientationLandscapeLeft UIInterfaceOrientationLandscapeRight";
				LD_RUNPATH_SEARCH_PATHS = (
					"$(inherited)",
					"@executable_path/Frameworks",
				);
				MARKETING_VERSION = 1.0;
				PRODUCT_BUNDLE_IDENTIFIER = "com.tcgradar.TCG-Radar";
				PRODUCT_NAME = "$(TARGET_NAME)";
				STRING_CATALOG_GENERATE_SYMBOLS = YES;
				SWIFT_APPROACHABLE_CONCURRENCY = YES;
				SWIFT_DEFAULT_ACTOR_ISOLATION = MainActor;
				SWIFT_EMIT_LOC_STRINGS = YES;
				SWIFT_UPCOMING_FEATURE_MEMBER_IMPORT_VISIBILITY = YES;
				SWIFT_VERSION = 5.0;
				TARGETED_DEVICE_FAMILY = "1,2";
			};
			name = Debug;
		};
		BE1F3CFC305130BE00588414 /* Release */ = {
			isa = XCBuildConfiguration;
			buildSettings = {
				ASSETCATALOG_COMPILER_APPICON_NAME = AppIcon;
				ASSETCATALOG_COMPILER_GLOBAL_ACCENT_COLOR_NAME = AccentColor;
				CODE_SIGN_STYLE = Automatic;
				CURRENT_PROJECT_VERSION = 1;
				DEVELOPMENT_TEAM = 5MVS25DQM6;
				ENABLE_PREVIEWS = YES;
				GENERATE_INFOPLIST_FILE = YES;
				INFOPLIST_KEY_NSCameraUsageDescription = "TCG Radar needs camera access to scan trading cards.";
				INFOPLIST_KEY_UIApplicationSceneManifest_Generation = YES;
				INFOPLIST_KEY_UIApplicationSupportsIndirectInputEvents = YES;
				INFOPLIST_KEY_UILaunchScreen_Generation = YES;
				INFOPLIST_KEY_UISupportedInterfaceOrientations_iPad = "UIInterfaceOrientationPortrait UIInterfaceOrientationPortraitUpsideDown UIInterfaceOrientationLandscapeLeft UIInterfaceOrientationLandscapeRight";
				INFOPLIST_KEY_UISupportedInterfaceOrientations_iPhone = "UIInterfaceOrientationPortrait UIInterfaceOrientationLandscapeLeft UIInterfaceOrientationLandscapeRight";
				LD_RUNPATH_SEARCH_PATHS = (
					"$(inherited)",
					"@executable_path/Frameworks",
				);
				MARKETING_VERSION = 1.0;
				PRODUCT_BUNDLE_IDENTIFIER = "com.tcgradar.TCG-Radar";
				PRODUCT_NAME = "$(TARGET_NAME)";
				STRING_CATALOG_GENERATE_SYMBOLS = YES;
				SWIFT_APPROACHABLE_CONCURRENCY = YES;
				SWIFT_DEFAULT_ACTOR_ISOLATION = MainActor;
				SWIFT_EMIT_LOC_STRINGS = YES;
				SWIFT_UPCOMING_FEATURE_MEMBER_IMPORT_VISIBILITY = YES;
				SWIFT_VERSION = 5.0;
				TARGETED_DEVICE_FAMILY = "1,2";
			};
			name = Release;
		};
/* End XCBuildConfiguration section */

/* Begin XCConfigurationList section */
		BE1F3CEA305130BD00588414 /* Build configuration list for PBXProject "TCG Radar" */ = {
			isa = XCConfigurationList;
			buildConfigurations = (
				BE1F3CF8305130BE00588414 /* Debug */,
				BE1F3CF9305130BE00588414 /* Release */,
			);
			defaultConfigurationIsVisible = 0;
			defaultConfigurationName = Release;
		};
		BE1F3CFA305130BE00588414 /* Build configuration list for PBXNativeTarget "TCG Radar" */ = {
			isa = XCConfigurationList;
			buildConfigurations = (
				BE1F3CFB305130BE00588414 /* Debug */,
				BE1F3CFC305130BE00588414 /* Release */,
			);
			defaultConfigurationIsVisible = 0;
			defaultConfigurationName = Release;
		};
/* End XCConfigurationList section */
	};
	rootObject = BE1F3CE7305130BD00588414 /* Project object */;
}
